// !$*UTF8*$!
{
	archiveVersion = 1;
	classes = {
	};
	objectVersion = 46;
	objects = {

/* Begin PBXBuildFile section */
		161849CD1905065A00C6EC93 /* Foundation.framework in Frameworks */ = {isa = PBXBuildFile; fileRef = 161849CC1905065A00C6EC93 /* Foundation.framework */; };
		161849FB1905088100C6EC93 /* libmain.mm in Sources */ = {isa = PBXBuildFile; fileRef = 161849FA1905088100C6EC93 /* libmain.mm */; };
/* End PBXBuildFile section */

/* Begin PBXCopyFilesBuildPhase section */
		161849C71905065A00C6EC93 /* CopyFiles */ = {
			isa = PBXCopyFilesBuildPhase;
			buildActionMask = 2147483647;
			dstPath = "include/$(PRODUCT_NAME)";
			dstSubfolderSpec = 16;
			files = (
			);
			runOnlyForDeploymentPostprocessing = 0;
		};
/* End PBXCopyFilesBuildPhase section */

/* Begin PBXFileReference section */
		161849C91905065A00C6EC93 /* libn2math.a */ = {isa = PBXFileReference; explicitFileType = archive.ar; includeInIndex = 0; path = libn2math.a; sourceTree = BUILT_PRODUCTS_DIR; };
		161849CC1905065A00C6EC93 /* Foundation.framework */ = {isa = PBXFileReference; lastKnownFileType = wrapper.framework; name = Foundation.framework; path = System/Library/Frameworks/Foundation.framework; sourceTree = SDKROOT; };
		161849D01905065A00C6EC93 /* n2math-Prefix.pch */ = {isa = PBXFileReference; lastKnownFileType = sourcecode.c.h; path = "n2math-Prefix.pch"; sourceTree = "<group>"; };
		161849DA1905065A00C6EC93 /* XCTest.framework */ = {isa = PBXFileReference; lastKnownFileType = wrapper.framework; name = XCTest.framework; path = Library/Frameworks/XCTest.framework; sourceTree = DEVELOPER_DIR; };
		161849DD1905065A00C6EC93 /* UIKit.framework */ = {isa = PBXFileReference; lastKnownFileType = wrapper.framework; name = UIKit.framework; path = Library/Frameworks/UIKit.framework; sourceTree = DEVELOPER_DIR; };
		161849FA1905088100C6EC93 /* libmain.mm */ = {isa = PBXFileReference; fileEncoding = 4; lastKnownFileType = sourcecode.cpp.objcpp; path = libmain.mm; sourceTree = SOURCE_ROOT; };
/* End PBXFileReference section */

/* Begin PBXFrameworksBuildPhase section */
		161849C61905065A00C6EC93 /* Frameworks */ = {
			isa = PBXFrameworksBuildPhase;
			buildActionMask = 2147483647;
			files = (
				161849CD1905065A00C6EC93 /* Foundation.framework in Frameworks */,
			);
			runOnlyForDeploymentPostprocessing = 0;
		};
/* End PBXFrameworksBuildPhase section */

/* Begin PBXGroup section */
		161849C01905065A00C6EC93 = {
			isa = PBXGroup;
			children = (
				161849CE1905065A00C6EC93 /* n2math */,
				161849CB1905065A00C6EC93 /* Frameworks */,
				161849CA1905065A00C6EC93 /* Products */,
			);
			sourceTree = "<group>";
		};
		161849CA1905065A00C6EC93 /* Products */ = {
			isa = PBXGroup;
			children = (
				161849C91905065A00C6EC93 /* libn2math.a */,
			);
			name = Products;
			sourceTree = "<group>";
		};
		161849CB1905065A00C6EC93 /* Frameworks */ = {
			isa = PBXGroup;
			children = (
				161849CC1905065A00C6EC93 /* Foundation.framework */,
				161849DA1905065A00C6EC93 /* XCTest.framework */,
				161849DD1905065A00C6EC93 /* UIKit.framework */,
			);
			name = Frameworks;
			sourceTree = "<group>";
		};
		161849CE1905065A00C6EC93 /* n2math */ = {
			isa = PBXGroup;
			children = (
				16184A00190508B700C6EC93 /* src */,
				161849CF1905065A00C6EC93 /* Supporting Files */,
			);
			path = n2math;
			sourceTree = "<group>";
		};
		161849CF1905065A00C6EC93 /* Supporting Files */ = {
			isa = PBXGroup;
			children = (
				161849FA1905088100C6EC93 /* libmain.mm */,
				161849D01905065A00C6EC93 /* n2math-Prefix.pch */,
			);
			name = "Supporting Files";
			sourceTree = "<group>";
		};
		16184A00190508B700C6EC93 /* src */ = {
			isa = PBXGroup;
			children = (
			);
			name = src;
			sourceTree = "<group>";
		};
/* End PBXGroup section */

/* Begin PBXNativeTarget section */
		161849C81905065A00C6EC93 /* n2math */ = {
			isa = PBXNativeTarget;
			buildConfigurationList = 161849EC1905065A00C6EC93 /* Build configuration list for PBXNativeTarget "n2math" */;
			buildPhases = (
				161849C51905065A00C6EC93 /* Sources */,
				161849C61905065A00C6EC93 /* Frameworks */,
				161849C71905065A00C6EC93 /* CopyFiles */,
			);
			buildRules = (
			);
			dependencies = (
			);
			name = n2math;
			productName = n2math;
			productReference = 161849C91905065A00C6EC93 /* libn2math.a */;
			productType = "com.apple.product-type.library.static";
		};
/* End PBXNativeTarget section */

/* Begin PBXProject section */
		161849C11905065A00C6EC93 /* Project object */ = {
			isa = PBXProject;
			attributes = {
				LastUpgradeCheck = 0510;
				ORGANIZATIONNAME = wybosys;
			};
			buildConfigurationList = 161849C41905065A00C6EC93 /* Build configuration list for PBXProject "n2math" */;
			compatibilityVersion = "Xcode 3.2";
			developmentRegion = English;
			hasScannedForEncodings = 0;
			knownRegions = (
				en,
			);
			mainGroup = 161849C01905065A00C6EC93;
			productRefGroup = 161849CA1905065A00C6EC93 /* Products */;
			projectDirPath = "";
			projectRoot = "";
			targets = (
				161849C81905065A00C6EC93 /* n2math */,
			);
		};
/* End PBXProject section */

/* Begin PBXSourcesBuildPhase section */
		161849C51905065A00C6EC93 /* Sources */ = {
			isa = PBXSourcesBuildPhase;
			buildActionMask = 2147483647;
			files = (
				161849FB1905088100C6EC93 /* libmain.mm in Sources */,
			);
			runOnlyForDeploymentPostprocessing = 0;
		};
/* End PBXSourcesBuildPhase section */

/* Begin XCBuildConfiguration section */
		161849EA1905065A00C6EC93 /* Debug */ = {
			isa = XCBuildConfiguration;
			buildSettings = {
				ALWAYS_SEARCH_USER_PATHS = NO;
				CLANG_CXX_LANGUAGE_STANDARD = "gnu++0x";
				CLANG_CXX_LIBRARY = "libc++";
				CLANG_ENABLE_MODULES = YES;
				CLANG_ENABLE_OBJC_ARC = YES;
				CLANG_WARN_BOOL_CONVERSION = YES;
				CLANG_WARN_CONSTANT_CONVERSION = YES;
				CLANG_WARN_DIRECT_OBJC_ISA_USAGE = YES_ERROR;
				CLANG_WARN_EMPTY_BODY = YES;
				CLANG_WARN_ENUM_CONVERSION = YES;
				CLANG_WARN_INT_CONVERSION = YES;
				CLANG_WARN_OBJC_ROOT_CLASS = YES_ERROR;
				CLANG_WARN__DUPLICATE_METHOD_MATCH = YES;
				COPY_PHASE_STRIP = NO;
				GCC_C_LANGUAGE_STANDARD = gnu99;
				GCC_DYNAMIC_NO_PIC = NO;
				GCC_OPTIMIZATION_LEVEL = 0;
				GCC_PREPROCESSOR_DEFINITIONS = (
					"DEBUG=1",
					"$(inherited)",
				);
				GCC_SYMBOLS_PRIVATE_EXTERN = NO;
				GCC_WARN_64_TO_32_BIT_CONVERSION = YES;
				GCC_WARN_ABOUT_RETURN_TYPE = YES_ERROR;
				GCC_WARN_UNDECLARED_SELECTOR = YES;
				GCC_WARN_UNINITIALIZED_AUTOS = YES_AGGRESSIVE;
				GCC_WARN_UNUSED_FUNCTION = YES;
				GCC_WARN_UNUSED_VARIABLE = YES;
				IPHONEOS_DEPLOYMENT_TARGET = 7.1;
				ONLY_ACTIVE_ARCH = YES;
				SDKROOT = iphoneos;
			};
			name = Debug;
		};
		161849EB1905065A00C6EC93 /* Release */ = {
			isa = XCBuildConfiguration;
			buildSettings = {
				ALWAYS_SEARCH_USER_PATHS = NO;
				CLANG_CXX_LANGUAGE_STANDARD = "gnu++0x";
				CLANG_CXX_LIBRARY = "libc++";
				CLANG_ENABLE_MODULES = YES;
				CLANG_ENABLE_OBJC_ARC = YES;
				CLANG_WARN_BOOL_CONVERSION = YES;
				CLANG_WARN_CONSTANT_CONVERSION = YES;
				CLANG_WARN_DIRECT_OBJC_ISA_USAGE = YES_ERROR;
				CLANG_WARN_EMPTY_BODY = YES;
				CLANG_WARN_ENUM_CONVERSION = YES;
				CLANG_WARN_INT_CONVERSION = YES;
				CLANG_WARN_OBJC_ROOT_CLASS = YES_ERROR;
				CLANG_WARN__DUPLICATE_METHOD_MATCH = YES;
				COPY_PHASE_STRIP = YES;
				ENABLE_NS_ASSERTIONS = NO;
				GCC_C_LANGUAGE_STANDARD = gnu99;
				GCC_WARN_64_TO_32_BIT_CONVERSION = YES;
				GCC_WARN_ABOUT_RETURN_TYPE = YES_ERROR;
				GCC_WARN_UNDECLARED_SELECTOR = YES;
				GCC_WARN_UNINITIALIZED_AUTOS = YES_AGGRESSIVE;
				GCC_WARN_UNUSED_FUNCTION = YES;
				GCC_WARN_UNUSED_VARIABLE = YES;
				IPHONEOS_DEPLOYMENT_TARGET = 7.1;
				SDKROOT = iphoneos;
				VALIDATE_PRODUCT = YES;
			};
			name = Release;
		};
		161849ED1905065A00C6EC93 /* Debug */ = {
			isa = XCBuildConfiguration;
			buildSettings = {
				DSTROOT = /tmp/n2math.dst;
				GCC_PRECOMPILE_PREFIX_HEADER = YES;
				GCC_PREFIX_HEADER = "n2math/n2math-Prefix.pch";
				IPHONEOS_DEPLOYMENT_TARGET = 6.0;
				OTHER_LDFLAGS = "-ObjC";
				PRODUCT_NAME = "$(TARGET_NAME)";
				SKIP_INSTALL = YES;
			};
			name = Debug;
		};
		161849EE1905065A00C6EC93 /* Release */ = {
			isa = XCBuildConfiguration;
			buildSettings = {
				DSTROOT = /tmp/n2math.dst;
				GCC_PRECOMPILE_PREFIX_HEADER = YES;
				GCC_PREFIX_HEADER = "n2math/n2math-Prefix.pch";
				IPHONEOS_DEPLOYMENT_TARGET = 6.0;
				OTHER_LDFLAGS = "-ObjC";
				PRODUCT_NAME = "$(TARGET_NAME)";
				SKIP_INSTALL = YES;
			};
			name = Release;
		};
/* End XCBuildConfiguration section */

/* Begin XCConfigurationList section */
		161849C41905065A00C6EC93 /* Build configuration list for PBXProject "n2math" */ = {
			isa = XCConfigurationList;
			buildConfigurations = (
				161849EA1905065A00C6EC93 /* Debug */,
				161849EB1905065A00C6EC93 /* Release */,
			);
			defaultConfigurationIsVisible = 0;
			defaultConfigurationName = Release;
		};
		161849EC1905065A00C6EC93 /* Build configuration list for PBXNativeTarget "n2math" */ = {
			isa = XCConfigurationList;
			buildConfigurations = (
				161849ED1905065A00C6EC93 /* Debug */,
				161849EE1905065A00C6EC93 /* Release */,
			);
			defaultConfigurationIsVisible = 0;
			defaultConfigurationName = Release;
		};
/* End XCConfigurationList section */
	};
	rootObject = 161849C11905065A00C6EC93 /* Project object */;
}
