// !$*UTF8*$!
{
	archiveVersion = 1;
	classes = {
	};
	objectVersion = 46;
	objects = {

/* Begin PBXBuildFile section */
		166FDCF018E9CB2E0005803F /* Foundation.framework in Frameworks */ = {isa = PBXBuildFile; fileRef = 166FDCEF18E9CB2E0005803F /* Foundation.framework */; };
		166FDD1818E9CCDE0005803F /* n2.mm in Sources */ = {isa = PBXBuildFile; fileRef = 166FDD1718E9CCDE0005803F /* n2.mm */; };
/* End PBXBuildFile section */

/* Begin PBXCopyFilesBuildPhase section */
		166FDCEA18E9CB2E0005803F /* CopyFiles */ = {
			isa = PBXCopyFilesBuildPhase;
			buildActionMask = 2147483647;
			dstPath = "include/$(PRODUCT_NAME)";
			dstSubfolderSpec = 16;
			files = (
			);
			runOnlyForDeploymentPostprocessing = 0;
		};
/* End PBXCopyFilesBuildPhase section */

/* Begin PBXFileReference section */
		166FDCEC18E9CB2E0005803F /* libn2.a */ = {isa = PBXFileReference; explicitFileType = archive.ar; includeInIndex = 0; path = libn2.a; sourceTree = BUILT_PRODUCTS_DIR; };
		166FDCEF18E9CB2E0005803F /* Foundation.framework */ = {isa = PBXFileReference; lastKnownFileType = wrapper.framework; name = Foundation.framework; path = System/Library/Frameworks/Foundation.framework; sourceTree = SDKROOT; };
		166FDD1618E9CCDE0005803F /* n2.h */ = {isa = PBXFileReference; fileEncoding = 4; lastKnownFileType = sourcecode.c.h; path = n2.h; sourceTree = SOURCE_ROOT; };
		166FDD1718E9CCDE0005803F /* n2.mm */ = {isa = PBXFileReference; fileEncoding = 4; lastKnownFileType = sourcecode.cpp.objcpp; path = n2.mm; sourceTree = SOURCE_ROOT; };
		166FDD1918E9CD670005803F /* prefix.pch */ = {isa = PBXFileReference; fileEncoding = 4; lastKnownFileType = sourcecode.c.h; path = prefix.pch; sourceTree = SOURCE_ROOT; };
/* End PBXFileReference section */

/* Begin PBXFrameworksBuildPhase section */
		166FDCE918E9CB2E0005803F /* Frameworks */ = {
			isa = PBXFrameworksBuildPhase;
			buildActionMask = 2147483647;
			files = (
				166FDCF018E9CB2E0005803F /* Foundation.framework in Frameworks */,
			);
			runOnlyForDeploymentPostprocessing = 0;
		};
/* End PBXFrameworksBuildPhase section */

/* Begin PBXGroup section */
		166FDCE318E9CB2E0005803F = {
			isa = PBXGroup;
			children = (
				166FDCF118E9CB2E0005803F /* n2 */,
				166FDCEE18E9CB2E0005803F /* Frameworks */,
				166FDCED18E9CB2E0005803F /* Products */,
			);
			sourceTree = "<group>";
		};
		166FDCED18E9CB2E0005803F /* Products */ = {
			isa = PBXGroup;
			children = (
				166FDCEC18E9CB2E0005803F /* libn2.a */,
			);
			name = Products;
			sourceTree = "<group>";
		};
		166FDCEE18E9CB2E0005803F /* Frameworks */ = {
			isa = PBXGroup;
			children = (
				166FDCEF18E9CB2E0005803F /* Foundation.framework */,
			);
			name = Frameworks;
			sourceTree = "<group>";
		};
		166FDCF118E9CB2E0005803F /* n2 */ = {
			isa = PBXGroup;
			children = (
				166FDD1A18E9CD8B0005803F /* src */,
				166FDCF218E9CB2E0005803F /* support */,
			);
			path = n2;
			sourceTree = "<group>";
		};
		166FDCF218E9CB2E0005803F /* support */ = {
			isa = PBXGroup;
			children = (
				166FDD1918E9CD670005803F /* prefix.pch */,
				166FDD1618E9CCDE0005803F /* n2.h */,
				166FDD1718E9CCDE0005803F /* n2.mm */,
			);
			name = support;
			sourceTree = "<group>";
		};
		166FDD1A18E9CD8B0005803F /* src */ = {
			isa = PBXGroup;
			children = (
			);
			name = src;
			sourceTree = "<group>";
		};
/* End PBXGroup section */

/* Begin PBXNativeTarget section */
		166FDCEB18E9CB2E0005803F /* n2 */ = {
			isa = PBXNativeTarget;
			buildConfigurationList = 166FDD0F18E9CB2E0005803F /* Build configuration list for PBXNativeTarget "n2" */;
			buildPhases = (
				166FDCE818E9CB2E0005803F /* Sources */,
				166FDCE918E9CB2E0005803F /* Frameworks */,
				166FDCEA18E9CB2E0005803F /* CopyFiles */,
			);
			buildRules = (
			);
			dependencies = (
			);
			name = n2;
			productName = n2;
			productReference = 166FDCEC18E9CB2E0005803F /* libn2.a */;
			productType = "com.apple.product-type.library.static";
		};
/* End PBXNativeTarget section */

/* Begin PBXProject section */
		166FDCE418E9CB2E0005803F /* Project object */ = {
			isa = PBXProject;
			attributes = {
				LastUpgradeCheck = 0510;
				ORGANIZATIONNAME = wybosys;
			};
			buildConfigurationList = 166FDCE718E9CB2E0005803F /* Build configuration list for PBXProject "n2" */;
			compatibilityVersion = "Xcode 3.2";
			developmentRegion = English;
			hasScannedForEncodings = 0;
			knownRegions = (
				en,
			);
			mainGroup = 166FDCE318E9CB2E0005803F;
			productRefGroup = 166FDCED18E9CB2E0005803F /* Products */;
			projectDirPath = "";
			projectRoot = "";
			targets = (
				166FDCEB18E9CB2E0005803F /* n2 */,
			);
		};
/* End PBXProject section */

/* Begin PBXSourcesBuildPhase section */
		166FDCE818E9CB2E0005803F /* Sources */ = {
			isa = PBXSourcesBuildPhase;
			buildActionMask = 2147483647;
			files = (
				166FDD1818E9CCDE0005803F /* n2.mm in Sources */,
			);
			runOnlyForDeploymentPostprocessing = 0;
		};
/* End PBXSourcesBuildPhase section */

/* Begin XCBuildConfiguration section */
		166FDD0D18E9CB2E0005803F /* Debug */ = {
			isa = XCBuildConfiguration;
			buildSettings = {
				ALWAYS_SEARCH_USER_PATHS = NO;
				CLANG_CXX_LANGUAGE_STANDARD = "gnu++0x";
				CLANG_CXX_LIBRARY = "libc++";
				CLANG_ENABLE_MODULES = YES;
				CLANG_ENABLE_OBJC_ARC = YES;
				CLANG_WARN_BOOL_CONVERSION = YES;
				CLANG_WARN_CONSTANT_CONVERSION = YES;
				CLANG_WARN_DIRECT_OBJC_ISA_USAGE = YES_ERROR;
				CLANG_WARN_EMPTY_BODY = YES;
				CLANG_WARN_ENUM_CONVERSION = YES;
				CLANG_WARN_INT_CONVERSION = YES;
				CLANG_WARN_OBJC_ROOT_CLASS = YES_ERROR;
				CLANG_WARN__DUPLICATE_METHOD_MATCH = YES;
				COPY_PHASE_STRIP = NO;
				GCC_C_LANGUAGE_STANDARD = gnu99;
				GCC_DYNAMIC_NO_PIC = NO;
				GCC_OPTIMIZATION_LEVEL = 0;
				GCC_PREPROCESSOR_DEFINITIONS = (
					"DEBUG=1",
					"$(inherited)",
				);
				GCC_SYMBOLS_PRIVATE_EXTERN = NO;
				GCC_WARN_64_TO_32_BIT_CONVERSION = YES;
				GCC_WARN_ABOUT_RETURN_TYPE = YES_ERROR;
				GCC_WARN_UNDECLARED_SELECTOR = YES;
				GCC_WARN_UNINITIALIZED_AUTOS = YES_AGGRESSIVE;
				GCC_WARN_UNUSED_FUNCTION = YES;
				GCC_WARN_UNUSED_VARIABLE = YES;
				IPHONEOS_DEPLOYMENT_TARGET = 7.1;
				ONLY_ACTIVE_ARCH = YES;
				SDKROOT = iphoneos;
			};
			name = Debug;
		};
		166FDD0E18E9CB2E0005803F /* Release */ = {
			isa = XCBuildConfiguration;
			buildSettings = {
				ALWAYS_SEARCH_USER_PATHS = NO;
				CLANG_CXX_LANGUAGE_STANDARD = "gnu++0x";
				CLANG_CXX_LIBRARY = "libc++";
				CLANG_ENABLE_MODULES = YES;
				CLANG_ENABLE_OBJC_ARC = YES;
				CLANG_WARN_BOOL_CONVERSION = YES;
				CLANG_WARN_CONSTANT_CONVERSION = YES;
				CLANG_WARN_DIRECT_OBJC_ISA_USAGE = YES_ERROR;
				CLANG_WARN_EMPTY_BODY = YES;
				CLANG_WARN_ENUM_CONVERSION = YES;
				CLANG_WARN_INT_CONVERSION = YES;
				CLANG_WARN_OBJC_ROOT_CLASS = YES_ERROR;
				CLANG_WARN__DUPLICATE_METHOD_MATCH = YES;
				COPY_PHASE_STRIP = YES;
				ENABLE_NS_ASSERTIONS = NO;
				GCC_C_LANGUAGE_STANDARD = gnu99;
				GCC_WARN_64_TO_32_BIT_CONVERSION = YES;
				GCC_WARN_ABOUT_RETURN_TYPE = YES_ERROR;
				GCC_WARN_UNDECLARED_SELECTOR = YES;
				GCC_WARN_UNINITIALIZED_AUTOS = YES_AGGRESSIVE;
				GCC_WARN_UNUSED_FUNCTION = YES;
				GCC_WARN_UNUSED_VARIABLE = YES;
				IPHONEOS_DEPLOYMENT_TARGET = 7.1;
				SDKROOT = iphoneos;
				VALIDATE_PRODUCT = YES;
			};
			name = Release;
		};
		166FDD1018E9CB2E0005803F /* Debug */ = {
			isa = XCBuildConfiguration;
			buildSettings = {
				CLANG_ENABLE_OBJC_ARC = YES;
				DSTROOT = /tmp/n2.dst;
				GCC_PRECOMPILE_PREFIX_HEADER = YES;
				GCC_PREFIX_HEADER = prefix.pch;
				GCC_PREPROCESSOR_DEFINITIONS = (
					"N2LIB=1",
					"DEBUG=1",
				);
				IPHONEOS_DEPLOYMENT_TARGET = 6.0;
				OTHER_LDFLAGS = "-ObjC";
				PRODUCT_NAME = "$(TARGET_NAME)";
				SKIP_INSTALL = YES;
				TARGETED_DEVICE_FAMILY = "1,2";
			};
			name = Debug;
		};
		166FDD1118E9CB2E0005803F /* Release */ = {
			isa = XCBuildConfiguration;
			buildSettings = {
				CLANG_ENABLE_OBJC_ARC = YES;
				DSTROOT = /tmp/n2.dst;
				GCC_PRECOMPILE_PREFIX_HEADER = YES;
				GCC_PREFIX_HEADER = prefix.pch;
				GCC_PREPROCESSOR_DEFINITIONS = N2LIB;
				IPHONEOS_DEPLOYMENT_TARGET = 6.0;
				OTHER_LDFLAGS = "-ObjC";
				PRODUCT_NAME = "$(TARGET_NAME)";
				SKIP_INSTALL = YES;
				TARGETED_DEVICE_FAMILY = "1,2";
			};
			name = Release;
		};
/* End XCBuildConfiguration section */

/* Begin XCConfigurationList section */
		166FDCE718E9CB2E0005803F /* Build configuration list for PBXProject "n2" */ = {
			isa = XCConfigurationList;
			buildConfigurations = (
				166FDD0D18E9CB2E0005803F /* Debug */,
				166FDD0E18E9CB2E0005803F /* Release */,
			);
			defaultConfigurationIsVisible = 0;
			defaultConfigurationName = Release;
		};
		166FDD0F18E9CB2E0005803F /* Build configuration list for PBXNativeTarget "n2" */ = {
			isa = XCConfigurationList;
			buildConfigurations = (
				166FDD1018E9CB2E0005803F /* Debug */,
				166FDD1118E9CB2E0005803F /* Release */,
			);
			defaultConfigurationIsVisible = 0;
			defaultConfigurationName = Release;
		};
/* End XCConfigurationList section */
	};
	rootObject = 166FDCE418E9CB2E0005803F /* Project object */;
}
