// !$*UTF8*$!
{
	archiveVersion = 1;
	classes = {
	};
	objectVersion = 46;
	objects = {

/* Begin PBXBuildFile section */
		1618498A1904FDD900C6EC93 /* N2List.mm in Sources */ = {isa = PBXBuildFile; fileRef = 161849891904FDD900C6EC93 /* N2List.mm */; };
		1618498D1905034700C6EC93 /* N2Layout.mm in Sources */ = {isa = PBXBuildFile; fileRef = 1618498C1905034700C6EC93 /* N2Layout.mm */; };
		161849F91905086C00C6EC93 /* libmain.mm in Sources */ = {isa = PBXBuildFile; fileRef = 161849F81905086C00C6EC93 /* libmain.mm */; };
		161CF28E18FC92E3004C7D1C /* N2View.mm in Sources */ = {isa = PBXBuildFile; fileRef = 161CF28D18FC92E3004C7D1C /* N2View.mm */; };
		161CF29118FC9363004C7D1C /* N2Navigation.mm in Sources */ = {isa = PBXBuildFile; fileRef = 161CF29018FC9363004C7D1C /* N2Navigation.mm */; };
		161CF29418FC937B004C7D1C /* N2Tabbar.mm in Sources */ = {isa = PBXBuildFile; fileRef = 161CF29318FC937B004C7D1C /* N2Tabbar.mm */; };
		161CF29718FC93A4004C7D1C /* N2Widgets.mm in Sources */ = {isa = PBXBuildFile; fileRef = 161CF29618FC93A4004C7D1C /* N2Widgets.mm */; };
		16354A9918FFC0AF0074512C /* N2Graphics.mm in Sources */ = {isa = PBXBuildFile; fileRef = 16354A9818FFC0AF0074512C /* N2Graphics.mm */; };
		166FDD5A18E9D02F0005803F /* Foundation.framework in Frameworks */ = {isa = PBXBuildFile; fileRef = 166FDD5918E9D02F0005803F /* Foundation.framework */; };
		166FDD8018E9D0880005803F /* libn2core.a in Frameworks */ = {isa = PBXBuildFile; fileRef = 166FDD7F18E9D0880005803F /* libn2core.a */; };
		166FDDC018E9D5680005803F /* Foundation.framework in Frameworks */ = {isa = PBXBuildFile; fileRef = 166FDD5918E9D02F0005803F /* Foundation.framework */; };
		166FDDC218E9D5680005803F /* CoreGraphics.framework in Frameworks */ = {isa = PBXBuildFile; fileRef = 166FDDC118E9D5680005803F /* CoreGraphics.framework */; };
		166FDDC918E9D5680005803F /* InfoPlist.strings in Resources */ = {isa = PBXBuildFile; fileRef = 166FDDC718E9D5680005803F /* InfoPlist.strings */; };
		166FDDCB18E9D5680005803F /* main.mm in Sources */ = {isa = PBXBuildFile; fileRef = 166FDDCA18E9D5680005803F /* main.mm */; };
		166FDDCF18E9D5680005803F /* AppDelegate.mm in Sources */ = {isa = PBXBuildFile; fileRef = 166FDDCE18E9D5680005803F /* AppDelegate.mm */; };
		166FDDEA18E9D5750005803F /* libn2ui.a in Frameworks */ = {isa = PBXBuildFile; fileRef = 166FDD5618E9D02F0005803F /* libn2ui.a */; };
		166FDDEB18E9D5780005803F /* libn2core.a in Frameworks */ = {isa = PBXBuildFile; fileRef = 166FDD7F18E9D0880005803F /* libn2core.a */; };
		166FDDED18E9D5B80005803F /* UIKit.framework in Frameworks */ = {isa = PBXBuildFile; fileRef = 166FDDEC18E9D5B80005803F /* UIKit.framework */; };
		166FDDF018E9D6030005803F /* N2Application.mm in Sources */ = {isa = PBXBuildFile; fileRef = 166FDDEF18E9D6030005803F /* N2Application.mm */; };
		166FDDF618E9DA2A0005803F /* N2Ui.mm in Sources */ = {isa = PBXBuildFile; fileRef = 166FDDF518E9DA2A0005803F /* N2Ui.mm */; };
		166FDDF918E9E0510005803F /* N2ViewController.mm in Sources */ = {isa = PBXBuildFile; fileRef = 166FDDF818E9E0510005803F /* N2ViewController.mm */; };
		16BCB3C018FF6AE20037B101 /* VCSample.mm in Sources */ = {isa = PBXBuildFile; fileRef = 16BCB3BF18FF6AE20037B101 /* VCSample.mm */; };
		16BCB3C318FF6BDB0037B101 /* N2Animation.mm in Sources */ = {isa = PBXBuildFile; fileRef = 16BCB3C218FF6BDB0037B101 /* N2Animation.mm */; };
		16BCB3C918FFA6E50037B101 /* N2Swizzle.mm in Sources */ = {isa = PBXBuildFile; fileRef = 16BCB3C818FFA6E50037B101 /* N2Swizzle.mm */; settings = {COMPILER_FLAGS = "-fno-objc-arc"; }; };
		16E73EDA190818AB004F929C /* Images.xcassets in Resources */ = {isa = PBXBuildFile; fileRef = 16E73ED9190818AB004F929C /* Images.xcassets */; };
/* End PBXBuildFile section */

/* Begin PBXCopyFilesBuildPhase section */
		166FDD5418E9D02F0005803F /* CopyFiles */ = {
			isa = PBXCopyFilesBuildPhase;
			buildActionMask = 2147483647;
			dstPath = "include/$(PRODUCT_NAME)";
			dstSubfolderSpec = 16;
			files = (
			);
			runOnlyForDeploymentPostprocessing = 0;
		};
/* End PBXCopyFilesBuildPhase section */

/* Begin PBXFileReference section */
		161849881904FDD900C6EC93 /* N2List.h */ = {isa = PBXFileReference; fileEncoding = 4; lastKnownFileType = sourcecode.c.h; name = N2List.h; path = ../../src/ui/N2List.h; sourceTree = "<group>"; };
		161849891904FDD900C6EC93 /* N2List.mm */ = {isa = PBXFileReference; fileEncoding = 4; lastKnownFileType = sourcecode.cpp.objcpp; name = N2List.mm; path = ../../src/ui/N2List.mm; sourceTree = "<group>"; };
		1618498B1905034700C6EC93 /* N2Layout.h */ = {isa = PBXFileReference; fileEncoding = 4; lastKnownFileType = sourcecode.c.h; name = N2Layout.h; path = ../../src/ui/N2Layout.h; sourceTree = "<group>"; };
		1618498C1905034700C6EC93 /* N2Layout.mm */ = {isa = PBXFileReference; fileEncoding = 4; lastKnownFileType = sourcecode.cpp.objcpp; name = N2Layout.mm; path = ../../src/ui/N2Layout.mm; sourceTree = "<group>"; };
		161849F21905071900C6EC93 /* libn2math.a */ = {isa = PBXFileReference; lastKnownFileType = archive.ar; name = libn2math.a; path = "build/Debug-iphoneos/libn2math.a"; sourceTree = "<group>"; };
		161849F81905086C00C6EC93 /* libmain.mm */ = {isa = PBXFileReference; fileEncoding = 4; lastKnownFileType = sourcecode.cpp.objcpp; path = libmain.mm; sourceTree = SOURCE_ROOT; };
		161CF28C18FC92E3004C7D1C /* N2View.h */ = {isa = PBXFileReference; fileEncoding = 4; lastKnownFileType = sourcecode.c.h; name = N2View.h; path = ../../src/ui/N2View.h; sourceTree = "<group>"; };
		161CF28D18FC92E3004C7D1C /* N2View.mm */ = {isa = PBXFileReference; fileEncoding = 4; lastKnownFileType = sourcecode.cpp.objcpp; name = N2View.mm; path = ../../src/ui/N2View.mm; sourceTree = "<group>"; };
		161CF28F18FC9363004C7D1C /* N2Navigation.h */ = {isa = PBXFileReference; fileEncoding = 4; lastKnownFileType = sourcecode.c.h; name = N2Navigation.h; path = ../../src/ui/N2Navigation.h; sourceTree = "<group>"; };
		161CF29018FC9363004C7D1C /* N2Navigation.mm */ = {isa = PBXFileReference; fileEncoding = 4; lastKnownFileType = sourcecode.cpp.objcpp; name = N2Navigation.mm; path = ../../src/ui/N2Navigation.mm; sourceTree = "<group>"; };
		161CF29218FC937B004C7D1C /* N2Tabbar.h */ = {isa = PBXFileReference; fileEncoding = 4; lastKnownFileType = sourcecode.c.h; name = N2Tabbar.h; path = ../../src/ui/N2Tabbar.h; sourceTree = "<group>"; };
		161CF29318FC937B004C7D1C /* N2Tabbar.mm */ = {isa = PBXFileReference; fileEncoding = 4; lastKnownFileType = sourcecode.cpp.objcpp; name = N2Tabbar.mm; path = ../../src/ui/N2Tabbar.mm; sourceTree = "<group>"; };
		161CF29518FC93A4004C7D1C /* N2Widgets.h */ = {isa = PBXFileReference; fileEncoding = 4; lastKnownFileType = sourcecode.c.h; name = N2Widgets.h; path = ../../src/ui/N2Widgets.h; sourceTree = "<group>"; };
		161CF29618FC93A4004C7D1C /* N2Widgets.mm */ = {isa = PBXFileReference; fileEncoding = 4; lastKnownFileType = sourcecode.cpp.objcpp; name = N2Widgets.mm; path = ../../src/ui/N2Widgets.mm; sourceTree = "<group>"; };
		16354A9718FFC0AF0074512C /* N2Graphics.h */ = {isa = PBXFileReference; fileEncoding = 4; lastKnownFileType = sourcecode.c.h; name = N2Graphics.h; path = ../../src/ui/N2Graphics.h; sourceTree = "<group>"; };
		16354A9818FFC0AF0074512C /* N2Graphics.mm */ = {isa = PBXFileReference; fileEncoding = 4; lastKnownFileType = sourcecode.cpp.objcpp; name = N2Graphics.mm; path = ../../src/ui/N2Graphics.mm; sourceTree = "<group>"; };
		166FDD5618E9D02F0005803F /* libn2ui.a */ = {isa = PBXFileReference; explicitFileType = archive.ar; includeInIndex = 0; path = libn2ui.a; sourceTree = BUILT_PRODUCTS_DIR; };
		166FDD5918E9D02F0005803F /* Foundation.framework */ = {isa = PBXFileReference; lastKnownFileType = wrapper.framework; name = Foundation.framework; path = System/Library/Frameworks/Foundation.framework; sourceTree = SDKROOT; };
		166FDD5D18E9D02F0005803F /* n2ui-Prefix.pch */ = {isa = PBXFileReference; lastKnownFileType = sourcecode.c.h; path = "n2ui-Prefix.pch"; sourceTree = "<group>"; };
		166FDD7F18E9D0880005803F /* libn2core.a */ = {isa = PBXFileReference; lastKnownFileType = archive.ar; name = libn2core.a; path = "../../../Users/wybo/Library/Developer/Xcode/DerivedData/n2-hksjinvxvujctddbywoaqdbylnwx/Build/Products/Debug-iphoneos/libn2core.a"; sourceTree = "<group>"; };
		166FDDBF18E9D5680005803F /* sample.n2ui.app */ = {isa = PBXFileReference; explicitFileType = wrapper.application; includeInIndex = 0; path = sample.n2ui.app; sourceTree = BUILT_PRODUCTS_DIR; };
		166FDDC118E9D5680005803F /* CoreGraphics.framework */ = {isa = PBXFileReference; lastKnownFileType = wrapper.framework; name = CoreGraphics.framework; path = System/Library/Frameworks/CoreGraphics.framework; sourceTree = SDKROOT; };
		166FDDC618E9D5680005803F /* sample.n2ui-Info.plist */ = {isa = PBXFileReference; lastKnownFileType = text.plist.xml; path = "sample.n2ui-Info.plist"; sourceTree = "<group>"; };
		166FDDC818E9D5680005803F /* en */ = {isa = PBXFileReference; lastKnownFileType = text.plist.strings; name = en; path = en.lproj/InfoPlist.strings; sourceTree = "<group>"; };
		166FDDCA18E9D5680005803F /* main.mm */ = {isa = PBXFileReference; lastKnownFileType = sourcecode.cpp.objcpp; path = main.mm; sourceTree = "<group>"; };
		166FDDCC18E9D5680005803F /* sample.n2ui-Prefix.pch */ = {isa = PBXFileReference; lastKnownFileType = sourcecode.c.h; path = "sample.n2ui-Prefix.pch"; sourceTree = "<group>"; };
		166FDDCD18E9D5680005803F /* AppDelegate.h */ = {isa = PBXFileReference; lastKnownFileType = sourcecode.c.h; path = AppDelegate.h; sourceTree = "<group>"; };
		166FDDCE18E9D5680005803F /* AppDelegate.mm */ = {isa = PBXFileReference; lastKnownFileType = sourcecode.cpp.objcpp; path = AppDelegate.mm; sourceTree = "<group>"; };
		166FDDEC18E9D5B80005803F /* UIKit.framework */ = {isa = PBXFileReference; lastKnownFileType = wrapper.framework; name = UIKit.framework; path = System/Library/Frameworks/UIKit.framework; sourceTree = SDKROOT; };
		166FDDEE18E9D6030005803F /* N2Application.h */ = {isa = PBXFileReference; fileEncoding = 4; lastKnownFileType = sourcecode.c.h; name = N2Application.h; path = ../../src/ui/N2Application.h; sourceTree = "<group>"; };
		166FDDEF18E9D6030005803F /* N2Application.mm */ = {isa = PBXFileReference; fileEncoding = 4; lastKnownFileType = sourcecode.cpp.objcpp; name = N2Application.mm; path = ../../src/ui/N2Application.mm; sourceTree = "<group>"; };
		166FDDF218E9D8870005803F /* N2Ui.h */ = {isa = PBXFileReference; fileEncoding = 4; lastKnownFileType = sourcecode.c.h; name = N2Ui.h; path = ../../src/ui/N2Ui.h; sourceTree = "<group>"; };
		166FDDF518E9DA2A0005803F /* N2Ui.mm */ = {isa = PBXFileReference; fileEncoding = 4; lastKnownFileType = sourcecode.cpp.objcpp; name = N2Ui.mm; path = ../../src/ui/N2Ui.mm; sourceTree = "<group>"; };
		166FDDF718E9E0510005803F /* N2ViewController.h */ = {isa = PBXFileReference; fileEncoding = 4; lastKnownFileType = sourcecode.c.h; name = N2ViewController.h; path = ../../src/ui/N2ViewController.h; sourceTree = "<group>"; };
		166FDDF818E9E0510005803F /* N2ViewController.mm */ = {isa = PBXFileReference; fileEncoding = 4; lastKnownFileType = sourcecode.cpp.objcpp; name = N2ViewController.mm; path = ../../src/ui/N2ViewController.mm; sourceTree = "<group>"; };
		16BCB3BE18FF6AE20037B101 /* VCSample.h */ = {isa = PBXFileReference; fileEncoding = 4; lastKnownFileType = sourcecode.c.h; path = VCSample.h; sourceTree = "<group>"; };
		16BCB3BF18FF6AE20037B101 /* VCSample.mm */ = {isa = PBXFileReference; fileEncoding = 4; lastKnownFileType = sourcecode.cpp.objcpp; path = VCSample.mm; sourceTree = "<group>"; };
		16BCB3C118FF6BDB0037B101 /* N2Animation.h */ = {isa = PBXFileReference; fileEncoding = 4; lastKnownFileType = sourcecode.c.h; name = N2Animation.h; path = ../../src/ui/N2Animation.h; sourceTree = "<group>"; };
		16BCB3C218FF6BDB0037B101 /* N2Animation.mm */ = {isa = PBXFileReference; fileEncoding = 4; lastKnownFileType = sourcecode.cpp.objcpp; name = N2Animation.mm; path = ../../src/ui/N2Animation.mm; sourceTree = "<group>"; };
		16BCB3C718FFA6E50037B101 /* N2Swizzle.h */ = {isa = PBXFileReference; fileEncoding = 4; lastKnownFileType = sourcecode.c.h; name = N2Swizzle.h; path = ../../src/ui/N2Swizzle.h; sourceTree = "<group>"; };
		16BCB3C818FFA6E50037B101 /* N2Swizzle.mm */ = {isa = PBXFileReference; fileEncoding = 4; lastKnownFileType = sourcecode.cpp.objcpp; name = N2Swizzle.mm; path = ../../src/ui/N2Swizzle.mm; sourceTree = "<group>"; };
		16E73ED9190818AB004F929C /* Images.xcassets */ = {isa = PBXFileReference; lastKnownFileType = folder.assetcatalog; name = Images.xcassets; path = ../../res/Images.xcassets; sourceTree = "<group>"; };
/* End PBXFileReference section */

/* Begin PBXFrameworksBuildPhase section */
		166FDD5318E9D02F0005803F /* Frameworks */ = {
			isa = PBXFrameworksBuildPhase;
			buildActionMask = 2147483647;
			files = (
				166FDD8018E9D0880005803F /* libn2core.a in Frameworks */,
				166FDD5A18E9D02F0005803F /* Foundation.framework in Frameworks */,
			);
			runOnlyForDeploymentPostprocessing = 0;
		};
		166FDDBC18E9D5680005803F /* Frameworks */ = {
			isa = PBXFrameworksBuildPhase;
			buildActionMask = 2147483647;
			files = (
				166FDDEB18E9D5780005803F /* libn2core.a in Frameworks */,
				166FDDEA18E9D5750005803F /* libn2ui.a in Frameworks */,
				166FDDC218E9D5680005803F /* CoreGraphics.framework in Frameworks */,
				166FDDED18E9D5B80005803F /* UIKit.framework in Frameworks */,
				166FDDC018E9D5680005803F /* Foundation.framework in Frameworks */,
			);
			runOnlyForDeploymentPostprocessing = 0;
		};
/* End PBXFrameworksBuildPhase section */

/* Begin PBXGroup section */
		166FDD4D18E9D02F0005803F = {
			isa = PBXGroup;
			children = (
				166FDD5B18E9D02F0005803F /* n2ui */,
				166FDDC418E9D5680005803F /* sample.n2ui */,
				166FDD5818E9D02F0005803F /* Frameworks */,
				166FDD5718E9D02F0005803F /* Products */,
			);
			sourceTree = "<group>";
		};
		166FDD5718E9D02F0005803F /* Products */ = {
			isa = PBXGroup;
			children = (
				166FDD5618E9D02F0005803F /* libn2ui.a */,
				166FDDBF18E9D5680005803F /* sample.n2ui.app */,
			);
			name = Products;
			sourceTree = "<group>";
		};
		166FDD5818E9D02F0005803F /* Frameworks */ = {
			isa = PBXGroup;
			children = (
				161849F21905071900C6EC93 /* libn2math.a */,
				166FDDEC18E9D5B80005803F /* UIKit.framework */,
				166FDD7F18E9D0880005803F /* libn2core.a */,
				166FDD5918E9D02F0005803F /* Foundation.framework */,
				166FDDC118E9D5680005803F /* CoreGraphics.framework */,
			);
			name = Frameworks;
			sourceTree = "<group>";
		};
		166FDD5B18E9D02F0005803F /* n2ui */ = {
			isa = PBXGroup;
			children = (
				166FDDBA18E9D5360005803F /* src */,
				166FDD5C18E9D02F0005803F /* Supporting Files */,
			);
			path = n2ui;
			sourceTree = "<group>";
		};
		166FDD5C18E9D02F0005803F /* Supporting Files */ = {
			isa = PBXGroup;
			children = (
				161849F81905086C00C6EC93 /* libmain.mm */,
				166FDD5D18E9D02F0005803F /* n2ui-Prefix.pch */,
			);
			name = "Supporting Files";
			sourceTree = "<group>";
		};
		166FDDBA18E9D5360005803F /* src */ = {
			isa = PBXGroup;
			children = (
				166FDDF218E9D8870005803F /* N2Ui.h */,
				166FDDF518E9DA2A0005803F /* N2Ui.mm */,
				16BCB3C718FFA6E50037B101 /* N2Swizzle.h */,
				16BCB3C818FFA6E50037B101 /* N2Swizzle.mm */,
				166FDDEE18E9D6030005803F /* N2Application.h */,
				166FDDEF18E9D6030005803F /* N2Application.mm */,
				16BCB3C118FF6BDB0037B101 /* N2Animation.h */,
				16BCB3C218FF6BDB0037B101 /* N2Animation.mm */,
				16354A9718FFC0AF0074512C /* N2Graphics.h */,
				16354A9818FFC0AF0074512C /* N2Graphics.mm */,
				166FDDF718E9E0510005803F /* N2ViewController.h */,
				166FDDF818E9E0510005803F /* N2ViewController.mm */,
				161CF28C18FC92E3004C7D1C /* N2View.h */,
				161CF28D18FC92E3004C7D1C /* N2View.mm */,
				1618498B1905034700C6EC93 /* N2Layout.h */,
				1618498C1905034700C6EC93 /* N2Layout.mm */,
				161CF28F18FC9363004C7D1C /* N2Navigation.h */,
				161CF29018FC9363004C7D1C /* N2Navigation.mm */,
				161849881904FDD900C6EC93 /* N2List.h */,
				161849891904FDD900C6EC93 /* N2List.mm */,
				161CF29218FC937B004C7D1C /* N2Tabbar.h */,
				161CF29318FC937B004C7D1C /* N2Tabbar.mm */,
				161CF29518FC93A4004C7D1C /* N2Widgets.h */,
				161CF29618FC93A4004C7D1C /* N2Widgets.mm */,
			);
			name = src;
			sourceTree = "<group>";
		};
		166FDDC418E9D5680005803F /* sample.n2ui */ = {
			isa = PBXGroup;
			children = (
				166FDDCD18E9D5680005803F /* AppDelegate.h */,
				166FDDCE18E9D5680005803F /* AppDelegate.mm */,
				16BCB3BE18FF6AE20037B101 /* VCSample.h */,
				16BCB3BF18FF6AE20037B101 /* VCSample.mm */,
				16E73ED9190818AB004F929C /* Images.xcassets */,
				166FDDC518E9D5680005803F /* Supporting Files */,
			);
			path = sample.n2ui;
			sourceTree = "<group>";
		};
		166FDDC518E9D5680005803F /* Supporting Files */ = {
			isa = PBXGroup;
			children = (
				166FDDC618E9D5680005803F /* sample.n2ui-Info.plist */,
				166FDDC718E9D5680005803F /* InfoPlist.strings */,
				166FDDCA18E9D5680005803F /* main.mm */,
				166FDDCC18E9D5680005803F /* sample.n2ui-Prefix.pch */,
			);
			name = "Supporting Files";
			sourceTree = "<group>";
		};
/* End PBXGroup section */

/* Begin PBXNativeTarget section */
		166FDD5518E9D02F0005803F /* n2ui */ = {
			isa = PBXNativeTarget;
			buildConfigurationList = 166FDD7918E9D02F0005803F /* Build configuration list for PBXNativeTarget "n2ui" */;
			buildPhases = (
				166FDD5218E9D02F0005803F /* Sources */,
				166FDD5318E9D02F0005803F /* Frameworks */,
				166FDD5418E9D02F0005803F /* CopyFiles */,
			);
			buildRules = (
			);
			dependencies = (
			);
			name = n2ui;
			productName = n2ui;
			productReference = 166FDD5618E9D02F0005803F /* libn2ui.a */;
			productType = "com.apple.product-type.library.static";
		};
		166FDDBE18E9D5680005803F /* sample.n2ui */ = {
			isa = PBXNativeTarget;
			buildConfigurationList = 166FDDE418E9D5680005803F /* Build configuration list for PBXNativeTarget "sample.n2ui" */;
			buildPhases = (
				166FDDBB18E9D5680005803F /* Sources */,
				166FDDBC18E9D5680005803F /* Frameworks */,
				166FDDBD18E9D5680005803F /* Resources */,
			);
			buildRules = (
			);
			dependencies = (
			);
			name = sample.n2ui;
			productName = sample.n2ui;
			productReference = 166FDDBF18E9D5680005803F /* sample.n2ui.app */;
			productType = "com.apple.product-type.application";
		};
/* End PBXNativeTarget section */

/* Begin PBXProject section */
		166FDD4E18E9D02F0005803F /* Project object */ = {
			isa = PBXProject;
			attributes = {
				LastUpgradeCheck = 0510;
				ORGANIZATIONNAME = wybosys;
			};
			buildConfigurationList = 166FDD5118E9D02F0005803F /* Build configuration list for PBXProject "n2ui" */;
			compatibilityVersion = "Xcode 3.2";
			developmentRegion = English;
			hasScannedForEncodings = 0;
			knownRegions = (
				en,
			);
			mainGroup = 166FDD4D18E9D02F0005803F;
			productRefGroup = 166FDD5718E9D02F0005803F /* Products */;
			projectDirPath = "";
			projectRoot = "";
			targets = (
				166FDD5518E9D02F0005803F /* n2ui */,
				166FDDBE18E9D5680005803F /* sample.n2ui */,
			);
		};
/* End PBXProject section */

/* Begin PBXResourcesBuildPhase section */
		166FDDBD18E9D5680005803F /* Resources */ = {
			isa = PBXResourcesBuildPhase;
			buildActionMask = 2147483647;
			files = (
				166FDDC918E9D5680005803F /* InfoPlist.strings in Resources */,
				16E73EDA190818AB004F929C /* Images.xcassets in Resources */,
			);
			runOnlyForDeploymentPostprocessing = 0;
		};
/* End PBXResourcesBuildPhase section */

/* Begin PBXSourcesBuildPhase section */
		166FDD5218E9D02F0005803F /* Sources */ = {
			isa = PBXSourcesBuildPhase;
			buildActionMask = 2147483647;
			files = (
				16BCB3C318FF6BDB0037B101 /* N2Animation.mm in Sources */,
				166FDDF918E9E0510005803F /* N2ViewController.mm in Sources */,
				161CF29118FC9363004C7D1C /* N2Navigation.mm in Sources */,
				166FDDF018E9D6030005803F /* N2Application.mm in Sources */,
				161CF29718FC93A4004C7D1C /* N2Widgets.mm in Sources */,
				1618498D1905034700C6EC93 /* N2Layout.mm in Sources */,
				161CF29418FC937B004C7D1C /* N2Tabbar.mm in Sources */,
				1618498A1904FDD900C6EC93 /* N2List.mm in Sources */,
				16354A9918FFC0AF0074512C /* N2Graphics.mm in Sources */,
				161CF28E18FC92E3004C7D1C /* N2View.mm in Sources */,
				166FDDF618E9DA2A0005803F /* N2Ui.mm in Sources */,
				16BCB3C918FFA6E50037B101 /* N2Swizzle.mm in Sources */,
				161849F91905086C00C6EC93 /* libmain.mm in Sources */,
			);
			runOnlyForDeploymentPostprocessing = 0;
		};
		166FDDBB18E9D5680005803F /* Sources */ = {
			isa = PBXSourcesBuildPhase;
			buildActionMask = 2147483647;
			files = (
				166FDDCF18E9D5680005803F /* AppDelegate.mm in Sources */,
				16BCB3C018FF6AE20037B101 /* VCSample.mm in Sources */,
				166FDDCB18E9D5680005803F /* main.mm in Sources */,
			);
			runOnlyForDeploymentPostprocessing = 0;
		};
/* End PBXSourcesBuildPhase section */

/* Begin PBXVariantGroup section */
		166FDDC718E9D5680005803F /* InfoPlist.strings */ = {
			isa = PBXVariantGroup;
			children = (
				166FDDC818E9D5680005803F /* en */,
			);
			name = InfoPlist.strings;
			sourceTree = "<group>";
		};
/* End PBXVariantGroup section */

/* Begin XCBuildConfiguration section */
		166FDD7718E9D02F0005803F /* Debug */ = {
			isa = XCBuildConfiguration;
			buildSettings = {
				ALWAYS_SEARCH_USER_PATHS = NO;
				CLANG_CXX_LANGUAGE_STANDARD = "gnu++0x";
				CLANG_CXX_LIBRARY = "libc++";
				CLANG_ENABLE_MODULES = YES;
				CLANG_ENABLE_OBJC_ARC = YES;
				CLANG_WARN_BOOL_CONVERSION = YES;
				CLANG_WARN_CONSTANT_CONVERSION = YES;
				CLANG_WARN_DIRECT_OBJC_ISA_USAGE = YES_ERROR;
				CLANG_WARN_EMPTY_BODY = YES;
				CLANG_WARN_ENUM_CONVERSION = YES;
				CLANG_WARN_INT_CONVERSION = YES;
				CLANG_WARN_OBJC_ROOT_CLASS = YES_ERROR;
				CLANG_WARN__DUPLICATE_METHOD_MATCH = YES;
				COPY_PHASE_STRIP = NO;
				GCC_C_LANGUAGE_STANDARD = gnu99;
				GCC_DYNAMIC_NO_PIC = NO;
				GCC_OPTIMIZATION_LEVEL = 0;
				GCC_PREPROCESSOR_DEFINITIONS = (
					"DEBUG=1",
					"$(inherited)",
				);
				GCC_SYMBOLS_PRIVATE_EXTERN = NO;
				GCC_WARN_64_TO_32_BIT_CONVERSION = YES;
				GCC_WARN_ABOUT_RETURN_TYPE = YES_ERROR;
				GCC_WARN_UNDECLARED_SELECTOR = YES;
				GCC_WARN_UNINITIALIZED_AUTOS = YES_AGGRESSIVE;
				GCC_WARN_UNUSED_FUNCTION = YES;
				GCC_WARN_UNUSED_VARIABLE = YES;
				IPHONEOS_DEPLOYMENT_TARGET = 6.0;
				ONLY_ACTIVE_ARCH = YES;
				SDKROOT = iphoneos;
			};
			name = Debug;
		};
		166FDD7818E9D02F0005803F /* Release */ = {
			isa = XCBuildConfiguration;
			buildSettings = {
				ALWAYS_SEARCH_USER_PATHS = NO;
				CLANG_CXX_LANGUAGE_STANDARD = "gnu++0x";
				CLANG_CXX_LIBRARY = "libc++";
				CLANG_ENABLE_MODULES = YES;
				CLANG_ENABLE_OBJC_ARC = YES;
				CLANG_WARN_BOOL_CONVERSION = YES;
				CLANG_WARN_CONSTANT_CONVERSION = YES;
				CLANG_WARN_DIRECT_OBJC_ISA_USAGE = YES_ERROR;
				CLANG_WARN_EMPTY_BODY = YES;
				CLANG_WARN_ENUM_CONVERSION = YES;
				CLANG_WARN_INT_CONVERSION = YES;
				CLANG_WARN_OBJC_ROOT_CLASS = YES_ERROR;
				CLANG_WARN__DUPLICATE_METHOD_MATCH = YES;
				COPY_PHASE_STRIP = YES;
				ENABLE_NS_ASSERTIONS = NO;
				GCC_C_LANGUAGE_STANDARD = gnu99;
				GCC_WARN_64_TO_32_BIT_CONVERSION = YES;
				GCC_WARN_ABOUT_RETURN_TYPE = YES_ERROR;
				GCC_WARN_UNDECLARED_SELECTOR = YES;
				GCC_WARN_UNINITIALIZED_AUTOS = YES_AGGRESSIVE;
				GCC_WARN_UNUSED_FUNCTION = YES;
				GCC_WARN_UNUSED_VARIABLE = YES;
				IPHONEOS_DEPLOYMENT_TARGET = 6.0;
				SDKROOT = iphoneos;
				VALIDATE_PRODUCT = YES;
			};
			name = Release;
		};
		166FDD7A18E9D02F0005803F /* Debug */ = {
			isa = XCBuildConfiguration;
			buildSettings = {
				DSTROOT = /tmp/n2ui.dst;
				GCC_PRECOMPILE_PREFIX_HEADER = YES;
				GCC_PREFIX_HEADER = "n2ui/n2ui-Prefix.pch";
				GCC_PREPROCESSOR_DEFINITIONS = (
					"DEBUG=1",
					N2LIB,
				);
				LIBRARY_SEARCH_PATHS = (
					"$(inherited)",
					"$(USER_LIBRARY_DIR)/Developer/Xcode/DerivedData/n2-hksjinvxvujctddbywoaqdbylnwx/Build/Products/Debug-iphoneos",
					"$(PROJECT_DIR)/build/Debug-iphoneos",
				);
				OTHER_LDFLAGS = "-ObjC";
				PRODUCT_NAME = "$(TARGET_NAME)";
				SKIP_INSTALL = YES;
				USER_HEADER_SEARCH_PATHS = ../src;
			};
			name = Debug;
		};
		166FDD7B18E9D02F0005803F /* Release */ = {
			isa = XCBuildConfiguration;
			buildSettings = {
				DSTROOT = /tmp/n2ui.dst;
				GCC_PRECOMPILE_PREFIX_HEADER = YES;
				GCC_PREFIX_HEADER = "n2ui/n2ui-Prefix.pch";
				GCC_PREPROCESSOR_DEFINITIONS = N2LIB;
				LIBRARY_SEARCH_PATHS = (
					"$(inherited)",
					"$(USER_LIBRARY_DIR)/Developer/Xcode/DerivedData/n2-hksjinvxvujctddbywoaqdbylnwx/Build/Products/Debug-iphoneos",
					"$(PROJECT_DIR)/build/Debug-iphoneos",
				);
				OTHER_LDFLAGS = "-ObjC";
				PRODUCT_NAME = "$(TARGET_NAME)";
				SKIP_INSTALL = YES;
				USER_HEADER_SEARCH_PATHS = ../src;
			};
			name = Release;
		};
		166FDDE518E9D5680005803F /* Debug */ = {
			isa = XCBuildConfiguration;
			buildSettings = {
				ASSETCATALOG_COMPILER_APPICON_NAME = AppIcon;
				ASSETCATALOG_COMPILER_LAUNCHIMAGE_NAME = LaunchImage;
				"CODE_SIGN_IDENTITY[sdk=iphoneos*]" = "iPhone Developer";
				FRAMEWORK_SEARCH_PATHS = (
					"$(inherited)",
					"$(DEVELOPER_FRAMEWORKS_DIR)",
				);
				GCC_PRECOMPILE_PREFIX_HEADER = YES;
				GCC_PREFIX_HEADER = "sample.n2ui/sample.n2ui-Prefix.pch";
				GCC_PREPROCESSOR_DEFINITIONS = (
					"DEBUG=1",
					"$(inherited)",
				);
				INFOPLIST_FILE = "sample.n2ui/sample.n2ui-Info.plist";
				IPHONEOS_DEPLOYMENT_TARGET = 6.0;
				LIBRARY_SEARCH_PATHS = "$(inherited)";
				PRODUCT_NAME = "$(TARGET_NAME)";
				TARGETED_DEVICE_FAMILY = "1,2";
				USER_HEADER_SEARCH_PATHS = ../src;
				WRAPPER_EXTENSION = app;
			};
			name = Debug;
		};
		166FDDE618E9D5680005803F /* Release */ = {
			isa = XCBuildConfiguration;
			buildSettings = {
				ASSETCATALOG_COMPILER_APPICON_NAME = AppIcon;
				ASSETCATALOG_COMPILER_LAUNCHIMAGE_NAME = LaunchImage;
				"CODE_SIGN_IDENTITY[sdk=iphoneos*]" = "iPhone Developer";
				FRAMEWORK_SEARCH_PATHS = (
					"$(inherited)",
					"$(DEVELOPER_FRAMEWORKS_DIR)",
				);
				GCC_PRECOMPILE_PREFIX_HEADER = YES;
				GCC_PREFIX_HEADER = "sample.n2ui/sample.n2ui-Prefix.pch";
				INFOPLIST_FILE = "sample.n2ui/sample.n2ui-Info.plist";
				IPHONEOS_DEPLOYMENT_TARGET = 6.0;
				LIBRARY_SEARCH_PATHS = "$(inherited)";
				PRODUCT_NAME = "$(TARGET_NAME)";
				TARGETED_DEVICE_FAMILY = "1,2";
				USER_HEADER_SEARCH_PATHS = ../src;
				WRAPPER_EXTENSION = app;
			};
			name = Release;
		};
/* End XCBuildConfiguration section */

/* Begin XCConfigurationList section */
		166FDD5118E9D02F0005803F /* Build configuration list for PBXProject "n2ui" */ = {
			isa = XCConfigurationList;
			buildConfigurations = (
				166FDD7718E9D02F0005803F /* Debug */,
				166FDD7818E9D02F0005803F /* Release */,
			);
			defaultConfigurationIsVisible = 0;
			defaultConfigurationName = Release;
		};
		166FDD7918E9D02F0005803F /* Build configuration list for PBXNativeTarget "n2ui" */ = {
			isa = XCConfigurationList;
			buildConfigurations = (
				166FDD7A18E9D02F0005803F /* Debug */,
				166FDD7B18E9D02F0005803F /* Release */,
			);
			defaultConfigurationIsVisible = 0;
			defaultConfigurationName = Release;
		};
		166FDDE418E9D5680005803F /* Build configuration list for PBXNativeTarget "sample.n2ui" */ = {
			isa = XCConfigurationList;
			buildConfigurations = (
				166FDDE518E9D5680005803F /* Debug */,
				166FDDE618E9D5680005803F /* Release */,
			);
			defaultConfigurationIsVisible = 0;
			defaultConfigurationName = Release;
		};
/* End XCConfigurationList section */
	};
	rootObject = 166FDD4E18E9D02F0005803F /* Project object */;
}
