// !$*UTF8*$!
{
	archiveVersion = 1;
	classes = {
	};
	objectVersion = 46;
	objects = {

/* Begin PBXBuildFile section */
		1612E546193F1E1400D4AFD5 /* AppDelegate.swift in Sources */ = {isa = PBXBuildFile; fileRef = 1612E545193F1E1400D4AFD5 /* AppDelegate.swift */; };
		1612E5C3193F241000D4AFD5 /* n2core.framework in Frameworks */ = {isa = PBXBuildFile; fileRef = 1612E5C2193F241000D4AFD5 /* n2core.framework */; };
		1612E5C8193F24BE00D4AFD5 /* Images.xcassets in Resources */ = {isa = PBXBuildFile; fileRef = 1612E5C7193F24BE00D4AFD5 /* Images.xcassets */; };
		1612E5CF193F2FE200D4AFD5 /* VCSample.swift in Sources */ = {isa = PBXBuildFile; fileRef = 1612E5CE193F2FE200D4AFD5 /* VCSample.swift */; };
		1612E5D5193F33CE00D4AFD5 /* n2ui.framework in Frameworks */ = {isa = PBXBuildFile; fileRef = 1612E5D4193F33CE00D4AFD5 /* n2ui.framework */; };
/* End PBXBuildFile section */

/* Begin PBXFileReference section */
		1612E540193F1E1400D4AFD5 /* sample.n2ui.app */ = {isa = PBXFileReference; explicitFileType = wrapper.application; includeInIndex = 0; path = sample.n2ui.app; sourceTree = BUILT_PRODUCTS_DIR; };
		1612E544193F1E1400D4AFD5 /* Info.plist */ = {isa = PBXFileReference; lastKnownFileType = text.plist.xml; path = Info.plist; sourceTree = "<group>"; };
		1612E545193F1E1400D4AFD5 /* AppDelegate.swift */ = {isa = PBXFileReference; lastKnownFileType = sourcecode.swift; path = AppDelegate.swift; sourceTree = "<group>"; };
		1612E5C2193F241000D4AFD5 /* n2core.framework */ = {isa = PBXFileReference; lastKnownFileType = wrapper.framework; name = n2core.framework; path = "/Users/wybo/Library/Developer/Xcode/DerivedData/n2swift-goyfqhyxnygetlapxjqnbkrvzhyb/Build/Products/Debug-iphoneos/n2core.framework"; sourceTree = "<absolute>"; };
		1612E5C7193F24BE00D4AFD5 /* Images.xcassets */ = {isa = PBXFileReference; lastKnownFileType = folder.assetcatalog; name = Images.xcassets; path = ../../../res/Images.xcassets; sourceTree = "<group>"; };
		1612E5CE193F2FE200D4AFD5 /* VCSample.swift */ = {isa = PBXFileReference; fileEncoding = 4; lastKnownFileType = sourcecode.swift; path = VCSample.swift; sourceTree = "<group>"; };
		1612E5D4193F33CE00D4AFD5 /* n2ui.framework */ = {isa = PBXFileReference; lastKnownFileType = wrapper.framework; name = n2ui.framework; path = "../../../../../Users/wybo/Library/Developer/Xcode/DerivedData/n2swift-goyfqhyxnygetlapxjqnbkrvzhyb/Build/Products/Debug-iphoneos/n2ui.framework"; sourceTree = "<group>"; };
/* End PBXFileReference section */

/* Begin PBXFrameworksBuildPhase section */
		1612E53D193F1E1400D4AFD5 /* Frameworks */ = {
			isa = PBXFrameworksBuildPhase;
			buildActionMask = 2147483647;
			files = (
				1612E5D5193F33CE00D4AFD5 /* n2ui.framework in Frameworks */,
				1612E5C3193F241000D4AFD5 /* n2core.framework in Frameworks */,
			);
			runOnlyForDeploymentPostprocessing = 0;
		};
/* End PBXFrameworksBuildPhase section */

/* Begin PBXGroup section */
		1612E537193F1E1400D4AFD5 = {
			isa = PBXGroup;
			children = (
				1612E542193F1E1400D4AFD5 /* sample.n2ui */,
				1612E5C6193F24A100D4AFD5 /* Frameworks */,
				1612E541193F1E1400D4AFD5 /* Products */,
			);
			sourceTree = "<group>";
		};
		1612E541193F1E1400D4AFD5 /* Products */ = {
			isa = PBXGroup;
			children = (
				1612E540193F1E1400D4AFD5 /* sample.n2ui.app */,
			);
			name = Products;
			sourceTree = "<group>";
		};
		1612E542193F1E1400D4AFD5 /* sample.n2ui */ = {
			isa = PBXGroup;
			children = (
				1612E545193F1E1400D4AFD5 /* AppDelegate.swift */,
				1612E5CE193F2FE200D4AFD5 /* VCSample.swift */,
				1612E5C7193F24BE00D4AFD5 /* Images.xcassets */,
				1612E543193F1E1400D4AFD5 /* Supporting Files */,
			);
			path = sample.n2ui;
			sourceTree = "<group>";
		};
		1612E543193F1E1400D4AFD5 /* Supporting Files */ = {
			isa = PBXGroup;
			children = (
				1612E544193F1E1400D4AFD5 /* Info.plist */,
			);
			name = "Supporting Files";
			sourceTree = "<group>";
		};
		1612E5C6193F24A100D4AFD5 /* Frameworks */ = {
			isa = PBXGroup;
			children = (
				1612E5D4193F33CE00D4AFD5 /* n2ui.framework */,
				1612E5C2193F241000D4AFD5 /* n2core.framework */,
			);
			name = Frameworks;
			sourceTree = "<group>";
		};
/* End PBXGroup section */

/* Begin PBXNativeTarget section */
		1612E53F193F1E1400D4AFD5 /* sample.n2ui */ = {
			isa = PBXNativeTarget;
			buildConfigurationList = 1612E557193F1E1400D4AFD5 /* Build configuration list for PBXNativeTarget "sample.n2ui" */;
			buildPhases = (
				1612E53C193F1E1400D4AFD5 /* Sources */,
				1612E53D193F1E1400D4AFD5 /* Frameworks */,
				1612E53E193F1E1400D4AFD5 /* Resources */,
			);
			buildRules = (
			);
			dependencies = (
			);
			name = sample.n2ui;
			productName = sample.n2ui;
			productReference = 1612E540193F1E1400D4AFD5 /* sample.n2ui.app */;
			productType = "com.apple.product-type.application";
		};
/* End PBXNativeTarget section */

/* Begin PBXProject section */
		1612E538193F1E1400D4AFD5 /* Project object */ = {
			isa = PBXProject;
			attributes = {
				LastUpgradeCheck = 0600;
				ORGANIZATIONNAME = wybosys;
				TargetAttributes = {
					1612E53F193F1E1400D4AFD5 = {
						CreatedOnToolsVersion = 6.0;
					};
				};
			};
			buildConfigurationList = 1612E53B193F1E1400D4AFD5 /* Build configuration list for PBXProject "sample.n2ui" */;
			compatibilityVersion = "Xcode 3.2";
			developmentRegion = English;
			hasScannedForEncodings = 0;
			knownRegions = (
				en,
			);
			mainGroup = 1612E537193F1E1400D4AFD5;
			productRefGroup = 1612E541193F1E1400D4AFD5 /* Products */;
			projectDirPath = "";
			projectRoot = "";
			targets = (
				1612E53F193F1E1400D4AFD5 /* sample.n2ui */,
			);
		};
/* End PBXProject section */

/* Begin PBXResourcesBuildPhase section */
		1612E53E193F1E1400D4AFD5 /* Resources */ = {
			isa = PBXResourcesBuildPhase;
			buildActionMask = 2147483647;
			files = (
				1612E5C8193F24BE00D4AFD5 /* Images.xcassets in Resources */,
			);
			runOnlyForDeploymentPostprocessing = 0;
		};
/* End PBXResourcesBuildPhase section */

/* Begin PBXSourcesBuildPhase section */
		1612E53C193F1E1400D4AFD5 /* Sources */ = {
			isa = PBXSourcesBuildPhase;
			buildActionMask = 2147483647;
			files = (
				1612E5CF193F2FE200D4AFD5 /* VCSample.swift in Sources */,
				1612E546193F1E1400D4AFD5 /* AppDelegate.swift in Sources */,
			);
			runOnlyForDeploymentPostprocessing = 0;
		};
/* End PBXSourcesBuildPhase section */

/* Begin XCBuildConfiguration section */
		1612E555193F1E1400D4AFD5 /* Debug */ = {
			isa = XCBuildConfiguration;
			buildSettings = {
				ALWAYS_SEARCH_USER_PATHS = NO;
				CLANG_CXX_LANGUAGE_STANDARD = "gnu++0x";
				CLANG_CXX_LIBRARY = "libc++";
				CLANG_ENABLE_MODULES = YES;
				CLANG_ENABLE_OBJC_ARC = YES;
				CLANG_WARN_BOOL_CONVERSION = YES;
				CLANG_WARN_CONSTANT_CONVERSION = YES;
				CLANG_WARN_DIRECT_OBJC_ISA_USAGE = YES_ERROR;
				CLANG_WARN_EMPTY_BODY = YES;
				CLANG_WARN_ENUM_CONVERSION = YES;
				CLANG_WARN_INT_CONVERSION = YES;
				CLANG_WARN_OBJC_ROOT_CLASS = YES_ERROR;
				CLANG_WARN_UNREACHABLE_CODE = YES;
				CLANG_WARN__DUPLICATE_METHOD_MATCH = YES;
				"CODE_SIGN_IDENTITY[sdk=iphoneos*]" = "iPhone Developer";
				COPY_PHASE_STRIP = NO;
				ENABLE_STRICT_OBJC_MSGSEND = YES;
				GCC_C_LANGUAGE_STANDARD = gnu99;
				GCC_DYNAMIC_NO_PIC = NO;
				GCC_OPTIMIZATION_LEVEL = 0;
				GCC_PREPROCESSOR_DEFINITIONS = (
					"DEBUG=1",
					"$(inherited)",
				);
				GCC_SYMBOLS_PRIVATE_EXTERN = NO;
				GCC_WARN_64_TO_32_BIT_CONVERSION = YES;
				GCC_WARN_ABOUT_RETURN_TYPE = YES_ERROR;
				GCC_WARN_UNDECLARED_SELECTOR = YES;
				GCC_WARN_UNINITIALIZED_AUTOS = YES_AGGRESSIVE;
				GCC_WARN_UNUSED_FUNCTION = YES;
				GCC_WARN_UNUSED_VARIABLE = YES;
				IPHONEOS_DEPLOYMENT_TARGET = 7.0;
				METAL_ENABLE_DEBUG_INFO = YES;
				ONLY_ACTIVE_ARCH = YES;
				SDKROOT = iphoneos;
				SWIFT_OPTIMIZATION_LEVEL = "-Onone";
				TARGETED_DEVICE_FAMILY = "1,2";
			};
			name = Debug;
		};
		1612E556193F1E1400D4AFD5 /* Release */ = {
			isa = XCBuildConfiguration;
			buildSettings = {
				ALWAYS_SEARCH_USER_PATHS = NO;
				CLANG_CXX_LANGUAGE_STANDARD = "gnu++0x";
				CLANG_CXX_LIBRARY = "libc++";
				CLANG_ENABLE_MODULES = YES;
				CLANG_ENABLE_OBJC_ARC = YES;
				CLANG_WARN_BOOL_CONVERSION = YES;
				CLANG_WARN_CONSTANT_CONVERSION = YES;
				CLANG_WARN_DIRECT_OBJC_ISA_USAGE = YES_ERROR;
				CLANG_WARN_EMPTY_BODY = YES;
				CLANG_WARN_ENUM_CONVERSION = YES;
				CLANG_WARN_INT_CONVERSION = YES;
				CLANG_WARN_OBJC_ROOT_CLASS = YES_ERROR;
				CLANG_WARN_UNREACHABLE_CODE = YES;
				CLANG_WARN__DUPLICATE_METHOD_MATCH = YES;
				"CODE_SIGN_IDENTITY[sdk=iphoneos*]" = "iPhone Developer";
				COPY_PHASE_STRIP = YES;
				ENABLE_NS_ASSERTIONS = NO;
				ENABLE_STRICT_OBJC_MSGSEND = YES;
				GCC_C_LANGUAGE_STANDARD = gnu99;
				GCC_WARN_64_TO_32_BIT_CONVERSION = YES;
				GCC_WARN_ABOUT_RETURN_TYPE = YES_ERROR;
				GCC_WARN_UNDECLARED_SELECTOR = YES;
				GCC_WARN_UNINITIALIZED_AUTOS = YES_AGGRESSIVE;
				GCC_WARN_UNUSED_FUNCTION = YES;
				GCC_WARN_UNUSED_VARIABLE = YES;
				IPHONEOS_DEPLOYMENT_TARGET = 7.0;
				METAL_ENABLE_DEBUG_INFO = NO;
				SDKROOT = iphoneos;
				TARGETED_DEVICE_FAMILY = "1,2";
				VALIDATE_PRODUCT = YES;
			};
			name = Release;
		};
		1612E558193F1E1400D4AFD5 /* Debug */ = {
			isa = XCBuildConfiguration;
			buildSettings = {
				ASSETCATALOG_COMPILER_APPICON_NAME = AppIcon;
				ASSETCATALOG_COMPILER_LAUNCHIMAGE_NAME = LaunchImage;
				FRAMEWORK_SEARCH_PATHS = "$(inherited)";
				INFOPLIST_FILE = sample.n2ui/Info.plist;
				LD_RUNPATH_SEARCH_PATHS = "$(inherited) @executable_path/Frameworks";
				PRODUCT_NAME = "$(TARGET_NAME)";
			};
			name = Debug;
		};
		1612E559193F1E1400D4AFD5 /* Release */ = {
			isa = XCBuildConfiguration;
			buildSettings = {
				ASSETCATALOG_COMPILER_APPICON_NAME = AppIcon;
				ASSETCATALOG_COMPILER_LAUNCHIMAGE_NAME = LaunchImage;
				FRAMEWORK_SEARCH_PATHS = "$(inherited)";
				INFOPLIST_FILE = sample.n2ui/Info.plist;
				LD_RUNPATH_SEARCH_PATHS = "$(inherited) @executable_path/Frameworks";
				PRODUCT_NAME = "$(TARGET_NAME)";
			};
			name = Release;
		};
/* End XCBuildConfiguration section */

/* Begin XCConfigurationList section */
		1612E53B193F1E1400D4AFD5 /* Build configuration list for PBXProject "sample.n2ui" */ = {
			isa = XCConfigurationList;
			buildConfigurations = (
				1612E555193F1E1400D4AFD5 /* Debug */,
				1612E556193F1E1400D4AFD5 /* Release */,
			);
			defaultConfigurationIsVisible = 0;
			defaultConfigurationName = Release;
		};
		1612E557193F1E1400D4AFD5 /* Build configuration list for PBXNativeTarget "sample.n2ui" */ = {
			isa = XCConfigurationList;
			buildConfigurations = (
				1612E558193F1E1400D4AFD5 /* Debug */,
				1612E559193F1E1400D4AFD5 /* Release */,
			);
			defaultConfigurationIsVisible = 0;
			defaultConfigurationName = Release;
		};
/* End XCConfigurationList section */
	};
	rootObject = 1612E538193F1E1400D4AFD5 /* Project object */;
}
