// !$*UTF8*$!
{
	archiveVersion = 1;
	classes = {
	};
	objectVersion = 46;
	objects = {

/* Begin PBXBuildFile section */
		160D344F1940599B00737C95 /* N2UISwizzle.h in Headers */ = {isa = PBXBuildFile; fileRef = 160D344D1940599B00737C95 /* N2UISwizzle.h */; settings = {ATTRIBUTES = (Public, ); }; };
		160D34501940599B00737C95 /* N2UISwizzle.m in Sources */ = {isa = PBXBuildFile; fileRef = 160D344E1940599B00737C95 /* N2UISwizzle.m */; };
		1612E44F193F13D700D4AFD5 /* n2ui.h in Headers */ = {isa = PBXBuildFile; fileRef = 1612E44E193F13D700D4AFD5 /* n2ui.h */; settings = {ATTRIBUTES = (Public, ); }; };
		1612E5BC193F23EA00D4AFD5 /* N2UI.swift in Sources */ = {isa = PBXBuildFile; fileRef = 1612E5BA193F23EA00D4AFD5 /* N2UI.swift */; };
		1612E5CC193F2F8900D4AFD5 /* N2View.swift in Sources */ = {isa = PBXBuildFile; fileRef = 1612E5CA193F2F8900D4AFD5 /* N2View.swift */; };
		1612E5CD193F2F8900D4AFD5 /* N2ViewController.swift in Sources */ = {isa = PBXBuildFile; fileRef = 1612E5CB193F2F8900D4AFD5 /* N2ViewController.swift */; };
		1612E5D7193F343300D4AFD5 /* N2Application.swift in Sources */ = {isa = PBXBuildFile; fileRef = 1612E5D6193F343300D4AFD5 /* N2Application.swift */; };
		165967E419401F660062794F /* N2Graphics.swift in Sources */ = {isa = PBXBuildFile; fileRef = 165967E319401F660062794F /* N2Graphics.swift */; };
		165967E719403DFC0062794F /* N2Widgets.swift in Sources */ = {isa = PBXBuildFile; fileRef = 165967E619403DFC0062794F /* N2Widgets.swift */; };
		165967EB194041DF0062794F /* N2Layout.swift in Sources */ = {isa = PBXBuildFile; fileRef = 165967EA194041DF0062794F /* N2Layout.swift */; };
		16EB542F1980B0A700A2646E /* n2core.framework in Frameworks */ = {isa = PBXBuildFile; fileRef = 1612E5C0193F240B00D4AFD5 /* n2core.framework */; };
/* End PBXBuildFile section */

/* Begin PBXContainerItemProxy section */
		1612E49E193F160500D4AFD5 /* PBXContainerItemProxy */ = {
			isa = PBXContainerItemProxy;
			containerPortal = 1612E48F193F14E700D4AFD5 /* sample.n2ui.xcodeproj */;
			proxyType = 2;
			remoteGlobalIDString = 1612E472193F149900D4AFD5;
			remoteInfo = sample.n2ui;
		};
/* End PBXContainerItemProxy section */

/* Begin PBXFileReference section */
		160D344D1940599B00737C95 /* N2UISwizzle.h */ = {isa = PBXFileReference; fileEncoding = 4; lastKnownFileType = sourcecode.c.h; name = N2UISwizzle.h; path = ../../src.swift/ui/N2UISwizzle.h; sourceTree = "<group>"; };
		160D344E1940599B00737C95 /* N2UISwizzle.m */ = {isa = PBXFileReference; fileEncoding = 4; lastKnownFileType = sourcecode.c.objc; name = N2UISwizzle.m; path = ../../src.swift/ui/N2UISwizzle.m; sourceTree = "<group>"; };
		1612E449193F13D700D4AFD5 /* n2ui.framework */ = {isa = PBXFileReference; explicitFileType = wrapper.framework; includeInIndex = 0; path = n2ui.framework; sourceTree = BUILT_PRODUCTS_DIR; };
		1612E44D193F13D700D4AFD5 /* Info.plist */ = {isa = PBXFileReference; lastKnownFileType = text.plist.xml; path = Info.plist; sourceTree = "<group>"; };
		1612E44E193F13D700D4AFD5 /* n2ui.h */ = {isa = PBXFileReference; lastKnownFileType = sourcecode.c.h; path = n2ui.h; sourceTree = "<group>"; };
		1612E48F193F14E700D4AFD5 /* sample.n2ui.xcodeproj */ = {isa = PBXFileReference; lastKnownFileType = "wrapper.pb-project"; name = sample.n2ui.xcodeproj; path = sample.n2ui/sample.n2ui.xcodeproj; sourceTree = "<group>"; };
		1612E5BA193F23EA00D4AFD5 /* N2UI.swift */ = {isa = PBXFileReference; fileEncoding = 4; lastKnownFileType = sourcecode.swift; name = N2UI.swift; path = ../../src.swift/ui/N2UI.swift; sourceTree = "<group>"; };
		1612E5C0193F240B00D4AFD5 /* n2core.framework */ = {isa = PBXFileReference; lastKnownFileType = wrapper.framework; name = n2core.framework; path = "/Users/wybo/Library/Developer/Xcode/DerivedData/n2swift-goyfqhyxnygetlapxjqnbkrvzhyb/Build/Products/Debug-iphoneos/n2core.framework"; sourceTree = "<absolute>"; };
		1612E5CA193F2F8900D4AFD5 /* N2View.swift */ = {isa = PBXFileReference; fileEncoding = 4; lastKnownFileType = sourcecode.swift; name = N2View.swift; path = ../../src.swift/ui/N2View.swift; sourceTree = "<group>"; };
		1612E5CB193F2F8900D4AFD5 /* N2ViewController.swift */ = {isa = PBXFileReference; fileEncoding = 4; lastKnownFileType = sourcecode.swift; name = N2ViewController.swift; path = ../../src.swift/ui/N2ViewController.swift; sourceTree = "<group>"; };
		1612E5D6193F343300D4AFD5 /* N2Application.swift */ = {isa = PBXFileReference; fileEncoding = 4; lastKnownFileType = sourcecode.swift; name = N2Application.swift; path = ../../src.swift/ui/N2Application.swift; sourceTree = "<group>"; };
		165967E319401F660062794F /* N2Graphics.swift */ = {isa = PBXFileReference; fileEncoding = 4; lastKnownFileType = sourcecode.swift; name = N2Graphics.swift; path = ../../src.swift/ui/N2Graphics.swift; sourceTree = "<group>"; };
		165967E619403DFC0062794F /* N2Widgets.swift */ = {isa = PBXFileReference; fileEncoding = 4; lastKnownFileType = sourcecode.swift; name = N2Widgets.swift; path = ../../src.swift/ui/N2Widgets.swift; sourceTree = "<group>"; };
		165967EA194041DF0062794F /* N2Layout.swift */ = {isa = PBXFileReference; fileEncoding = 4; lastKnownFileType = sourcecode.swift; name = N2Layout.swift; path = ../../src.swift/ui/N2Layout.swift; sourceTree = "<group>"; };
/* End PBXFileReference section */

/* Begin PBXFrameworksBuildPhase section */
		1612E445193F13D700D4AFD5 /* Frameworks */ = {
			isa = PBXFrameworksBuildPhase;
			buildActionMask = 2147483647;
			files = (
				16EB542F1980B0A700A2646E /* n2core.framework in Frameworks */,
			);
			runOnlyForDeploymentPostprocessing = 0;
		};
/* End PBXFrameworksBuildPhase section */

/* Begin PBXGroup section */
		1612E43F193F13D700D4AFD5 = {
			isa = PBXGroup;
			children = (
				1612E44B193F13D700D4AFD5 /* n2ui */,
				1612E48F193F14E700D4AFD5 /* sample.n2ui.xcodeproj */,
				1612E5C9193F24DD00D4AFD5 /* Frameworks */,
				1612E44A193F13D700D4AFD5 /* Products */,
			);
			sourceTree = "<group>";
		};
		1612E44A193F13D700D4AFD5 /* Products */ = {
			isa = PBXGroup;
			children = (
				1612E449193F13D700D4AFD5 /* n2ui.framework */,
			);
			name = Products;
			sourceTree = "<group>";
		};
		1612E44B193F13D700D4AFD5 /* n2ui */ = {
			isa = PBXGroup;
			children = (
				1612E5B4193F23DD00D4AFD5 /* src */,
				1612E44C193F13D700D4AFD5 /* Supporting Files */,
			);
			path = n2ui;
			sourceTree = "<group>";
		};
		1612E44C193F13D700D4AFD5 /* Supporting Files */ = {
			isa = PBXGroup;
			children = (
				1612E44E193F13D700D4AFD5 /* n2ui.h */,
				1612E44D193F13D700D4AFD5 /* Info.plist */,
			);
			name = "Supporting Files";
			sourceTree = "<group>";
		};
		1612E490193F14E700D4AFD5 /* Products */ = {
			isa = PBXGroup;
			children = (
				1612E49F193F160500D4AFD5 /* sample.n2ui.app */,
			);
			name = Products;
			sourceTree = "<group>";
		};
		1612E5B4193F23DD00D4AFD5 /* src */ = {
			isa = PBXGroup;
			children = (
				1612E5BA193F23EA00D4AFD5 /* N2UI.swift */,
				1612E5D6193F343300D4AFD5 /* N2Application.swift */,
				1612E5CA193F2F8900D4AFD5 /* N2View.swift */,
				1612E5CB193F2F8900D4AFD5 /* N2ViewController.swift */,
				165967E319401F660062794F /* N2Graphics.swift */,
				165967E619403DFC0062794F /* N2Widgets.swift */,
				165967EA194041DF0062794F /* N2Layout.swift */,
				160D344D1940599B00737C95 /* N2UISwizzle.h */,
				160D344E1940599B00737C95 /* N2UISwizzle.m */,
			);
			name = src;
			sourceTree = "<group>";
		};
		1612E5C9193F24DD00D4AFD5 /* Frameworks */ = {
			isa = PBXGroup;
			children = (
				1612E5C0193F240B00D4AFD5 /* n2core.framework */,
			);
			name = Frameworks;
			sourceTree = "<group>";
		};
/* End PBXGroup section */

/* Begin PBXHeadersBuildPhase section */
		1612E446193F13D700D4AFD5 /* Headers */ = {
			isa = PBXHeadersBuildPhase;
			buildActionMask = 2147483647;
			files = (
				1612E44F193F13D700D4AFD5 /* n2ui.h in Headers */,
				160D344F1940599B00737C95 /* N2UISwizzle.h in Headers */,
			);
			runOnlyForDeploymentPostprocessing = 0;
		};
/* End PBXHeadersBuildPhase section */

/* Begin PBXNativeTarget section */
		1612E448193F13D700D4AFD5 /* n2ui */ = {
			isa = PBXNativeTarget;
			buildConfigurationList = 1612E45F193F13D700D4AFD5 /* Build configuration list for PBXNativeTarget "n2ui" */;
			buildPhases = (
				1612E444193F13D700D4AFD5 /* Sources */,
				1612E445193F13D700D4AFD5 /* Frameworks */,
				1612E446193F13D700D4AFD5 /* Headers */,
				1612E447193F13D700D4AFD5 /* Resources */,
			);
			buildRules = (
			);
			dependencies = (
			);
			name = n2ui;
			productName = n2ui;
			productReference = 1612E449193F13D700D4AFD5 /* n2ui.framework */;
			productType = "com.apple.product-type.framework";
		};
/* End PBXNativeTarget section */

/* Begin PBXProject section */
		1612E440193F13D700D4AFD5 /* Project object */ = {
			isa = PBXProject;
			attributes = {
				LastUpgradeCheck = 0600;
				ORGANIZATIONNAME = wybosys;
				TargetAttributes = {
					1612E448193F13D700D4AFD5 = {
						CreatedOnToolsVersion = 6.0;
					};
				};
			};
			buildConfigurationList = 1612E443193F13D700D4AFD5 /* Build configuration list for PBXProject "n2ui" */;
			compatibilityVersion = "Xcode 3.2";
			developmentRegion = English;
			hasScannedForEncodings = 0;
			knownRegions = (
				en,
			);
			mainGroup = 1612E43F193F13D700D4AFD5;
			productRefGroup = 1612E44A193F13D700D4AFD5 /* Products */;
			projectDirPath = "";
			projectReferences = (
				{
					ProductGroup = 1612E490193F14E700D4AFD5 /* Products */;
					ProjectRef = 1612E48F193F14E700D4AFD5 /* sample.n2ui.xcodeproj */;
				},
			);
			projectRoot = "";
			targets = (
				1612E448193F13D700D4AFD5 /* n2ui */,
			);
		};
/* End PBXProject section */

/* Begin PBXReferenceProxy section */
		1612E49F193F160500D4AFD5 /* sample.n2ui.app */ = {
			isa = PBXReferenceProxy;
			fileType = wrapper.application;
			path = sample.n2ui.app;
			remoteRef = 1612E49E193F160500D4AFD5 /* PBXContainerItemProxy */;
			sourceTree = BUILT_PRODUCTS_DIR;
		};
/* End PBXReferenceProxy section */

/* Begin PBXResourcesBuildPhase section */
		1612E447193F13D700D4AFD5 /* Resources */ = {
			isa = PBXResourcesBuildPhase;
			buildActionMask = 2147483647;
			files = (
			);
			runOnlyForDeploymentPostprocessing = 0;
		};
/* End PBXResourcesBuildPhase section */

/* Begin PBXSourcesBuildPhase section */
		1612E444193F13D700D4AFD5 /* Sources */ = {
			isa = PBXSourcesBuildPhase;
			buildActionMask = 2147483647;
			files = (
				1612E5CD193F2F8900D4AFD5 /* N2ViewController.swift in Sources */,
				1612E5CC193F2F8900D4AFD5 /* N2View.swift in Sources */,
				1612E5D7193F343300D4AFD5 /* N2Application.swift in Sources */,
				1612E5BC193F23EA00D4AFD5 /* N2UI.swift in Sources */,
				165967E419401F660062794F /* N2Graphics.swift in Sources */,
				165967E719403DFC0062794F /* N2Widgets.swift in Sources */,
				160D34501940599B00737C95 /* N2UISwizzle.m in Sources */,
				165967EB194041DF0062794F /* N2Layout.swift in Sources */,
			);
			runOnlyForDeploymentPostprocessing = 0;
		};
/* End PBXSourcesBuildPhase section */

/* Begin XCBuildConfiguration section */
		1612E45D193F13D700D4AFD5 /* Debug */ = {
			isa = XCBuildConfiguration;
			buildSettings = {
				ALWAYS_SEARCH_USER_PATHS = NO;
				CLANG_CXX_LANGUAGE_STANDARD = "gnu++0x";
				CLANG_CXX_LIBRARY = "libc++";
				CLANG_ENABLE_MODULES = YES;
				CLANG_ENABLE_OBJC_ARC = YES;
				CLANG_WARN_BOOL_CONVERSION = YES;
				CLANG_WARN_CONSTANT_CONVERSION = YES;
				CLANG_WARN_DIRECT_OBJC_ISA_USAGE = YES_ERROR;
				CLANG_WARN_EMPTY_BODY = YES;
				CLANG_WARN_ENUM_CONVERSION = YES;
				CLANG_WARN_INT_CONVERSION = YES;
				CLANG_WARN_OBJC_ROOT_CLASS = YES_ERROR;
				CLANG_WARN_UNREACHABLE_CODE = YES;
				CLANG_WARN__DUPLICATE_METHOD_MATCH = YES;
				CODE_SIGN_IDENTITY = "iPhone Developer: 渊博 王 (NSP6JR343V)";
				COPY_PHASE_STRIP = NO;
				CURRENT_PROJECT_VERSION = 1;
				EMBEDDED_CONTENT_CONTAINS_SWIFT = NO;
				ENABLE_STRICT_OBJC_MSGSEND = YES;
				GCC_C_LANGUAGE_STANDARD = gnu99;
				GCC_DYNAMIC_NO_PIC = NO;
				GCC_OPTIMIZATION_LEVEL = 0;
				GCC_PREPROCESSOR_DEFINITIONS = (
					"DEBUG=1",
					"$(inherited)",
				);
				GCC_SYMBOLS_PRIVATE_EXTERN = NO;
				GCC_WARN_64_TO_32_BIT_CONVERSION = YES;
				GCC_WARN_ABOUT_RETURN_TYPE = YES_ERROR;
				GCC_WARN_UNDECLARED_SELECTOR = YES;
				GCC_WARN_UNINITIALIZED_AUTOS = YES_AGGRESSIVE;
				GCC_WARN_UNUSED_FUNCTION = YES;
				GCC_WARN_UNUSED_VARIABLE = YES;
				IPHONEOS_DEPLOYMENT_TARGET = 8.0;
				METAL_ENABLE_DEBUG_INFO = YES;
				ONLY_ACTIVE_ARCH = YES;
				SDKROOT = iphoneos;
				SWIFT_OPTIMIZATION_LEVEL = "-Onone";
				TARGETED_DEVICE_FAMILY = "1,2";
				VERSIONING_SYSTEM = "apple-generic";
				VERSION_INFO_PREFIX = "";
			};
			name = Debug;
		};
		1612E45E193F13D700D4AFD5 /* Release */ = {
			isa = XCBuildConfiguration;
			buildSettings = {
				ALWAYS_SEARCH_USER_PATHS = NO;
				CLANG_CXX_LANGUAGE_STANDARD = "gnu++0x";
				CLANG_CXX_LIBRARY = "libc++";
				CLANG_ENABLE_MODULES = YES;
				CLANG_ENABLE_OBJC_ARC = YES;
				CLANG_WARN_BOOL_CONVERSION = YES;
				CLANG_WARN_CONSTANT_CONVERSION = YES;
				CLANG_WARN_DIRECT_OBJC_ISA_USAGE = YES_ERROR;
				CLANG_WARN_EMPTY_BODY = YES;
				CLANG_WARN_ENUM_CONVERSION = YES;
				CLANG_WARN_INT_CONVERSION = YES;
				CLANG_WARN_OBJC_ROOT_CLASS = YES_ERROR;
				CLANG_WARN_UNREACHABLE_CODE = YES;
				CLANG_WARN__DUPLICATE_METHOD_MATCH = YES;
				CODE_SIGN_IDENTITY = "iPhone Developer: 渊博 王 (NSP6JR343V)";
				COPY_PHASE_STRIP = YES;
				CURRENT_PROJECT_VERSION = 1;
				EMBEDDED_CONTENT_CONTAINS_SWIFT = NO;
				ENABLE_NS_ASSERTIONS = NO;
				ENABLE_STRICT_OBJC_MSGSEND = YES;
				GCC_C_LANGUAGE_STANDARD = gnu99;
				GCC_WARN_64_TO_32_BIT_CONVERSION = YES;
				GCC_WARN_ABOUT_RETURN_TYPE = YES_ERROR;
				GCC_WARN_UNDECLARED_SELECTOR = YES;
				GCC_WARN_UNINITIALIZED_AUTOS = YES_AGGRESSIVE;
				GCC_WARN_UNUSED_FUNCTION = YES;
				GCC_WARN_UNUSED_VARIABLE = YES;
				IPHONEOS_DEPLOYMENT_TARGET = 8.0;
				METAL_ENABLE_DEBUG_INFO = NO;
				SDKROOT = iphoneos;
				TARGETED_DEVICE_FAMILY = "1,2";
				VALIDATE_PRODUCT = YES;
				VERSIONING_SYSTEM = "apple-generic";
				VERSION_INFO_PREFIX = "";
			};
			name = Release;
		};
		1612E460193F13D700D4AFD5 /* Debug */ = {
			isa = XCBuildConfiguration;
			buildSettings = {
				DEFINES_MODULE = YES;
				DYLIB_COMPATIBILITY_VERSION = 1;
				DYLIB_CURRENT_VERSION = 1;
				DYLIB_INSTALL_NAME_BASE = "@rpath";
				FRAMEWORK_SEARCH_PATHS = (
					"$(inherited)",
					"$(USER_LIBRARY_DIR)/Developer/Xcode/DerivedData/n2swift-goyfqhyxnygetlapxjqnbkrvzhyb/Build/Products/Debug-iphoneos",
				);
				INFOPLIST_FILE = n2ui/Info.plist;
				INSTALL_PATH = "$(LOCAL_LIBRARY_DIR)/Frameworks";
				LD_RUNPATH_SEARCH_PATHS = "$(inherited) @executable_path/Frameworks @loader_path/Frameworks";
				PRODUCT_NAME = "$(TARGET_NAME)";
				SKIP_INSTALL = YES;
			};
			name = Debug;
		};
		1612E461193F13D700D4AFD5 /* Release */ = {
			isa = XCBuildConfiguration;
			buildSettings = {
				DEFINES_MODULE = YES;
				DYLIB_COMPATIBILITY_VERSION = 1;
				DYLIB_CURRENT_VERSION = 1;
				DYLIB_INSTALL_NAME_BASE = "@rpath";
				FRAMEWORK_SEARCH_PATHS = (
					"$(inherited)",
					"$(USER_LIBRARY_DIR)/Developer/Xcode/DerivedData/n2swift-goyfqhyxnygetlapxjqnbkrvzhyb/Build/Products/Debug-iphoneos",
				);
				INFOPLIST_FILE = n2ui/Info.plist;
				INSTALL_PATH = "$(LOCAL_LIBRARY_DIR)/Frameworks";
				LD_RUNPATH_SEARCH_PATHS = "$(inherited) @executable_path/Frameworks @loader_path/Frameworks";
				PRODUCT_NAME = "$(TARGET_NAME)";
				SKIP_INSTALL = YES;
			};
			name = Release;
		};
/* End XCBuildConfiguration section */

/* Begin XCConfigurationList section */
		1612E443193F13D700D4AFD5 /* Build configuration list for PBXProject "n2ui" */ = {
			isa = XCConfigurationList;
			buildConfigurations = (
				1612E45D193F13D700D4AFD5 /* Debug */,
				1612E45E193F13D700D4AFD5 /* Release */,
			);
			defaultConfigurationIsVisible = 0;
			defaultConfigurationName = Release;
		};
		1612E45F193F13D700D4AFD5 /* Build configuration list for PBXNativeTarget "n2ui" */ = {
			isa = XCConfigurationList;
			buildConfigurations = (
				1612E460193F13D700D4AFD5 /* Debug */,
				1612E461193F13D700D4AFD5 /* Release */,
			);
			defaultConfigurationIsVisible = 0;
			defaultConfigurationName = Release;
		};
/* End XCConfigurationList section */
	};
	rootObject = 1612E440193F13D700D4AFD5 /* Project object */;
}
